// !$*UTF8*$!
{
	archiveVersion = 1;
	classes = {
	};
	objectVersion = 46;
	objects = {

/* Begin PBXBuildFile section */
		4A23F869195014E00098624A /* FileUploadInfo.m in Sources */ = {isa = PBXBuildFile; fileRef = 4A23F868195014E00098624A /* FileUploadInfo.m */; };
		4A422EF6194E8C2B0043782E /* Foundation.framework in Frameworks */ = {isa = PBXBuildFile; fileRef = 4A422EF5194E8C2B0043782E /* Foundation.framework */; };
		4A422EF8194E8C2B0043782E /* CoreGraphics.framework in Frameworks */ = {isa = PBXBuildFile; fileRef = 4A422EF7194E8C2B0043782E /* CoreGraphics.framework */; };
		4A422EFA194E8C2B0043782E /* UIKit.framework in Frameworks */ = {isa = PBXBuildFile; fileRef = 4A422EF9194E8C2B0043782E /* UIKit.framework */; };
		4A422F00194E8C2B0043782E /* InfoPlist.strings in Resources */ = {isa = PBXBuildFile; fileRef = 4A422EFE194E8C2B0043782E /* InfoPlist.strings */; };
		4A422F02194E8C2B0043782E /* main.m in Sources */ = {isa = PBXBuildFile; fileRef = 4A422F01194E8C2B0043782E /* main.m */; };
		4A422F06194E8C2B0043782E /* AppDelegate.m in Sources */ = {isa = PBXBuildFile; fileRef = 4A422F05194E8C2B0043782E /* AppDelegate.m */; };
		4A422F09194E8C2B0043782E /* Main.storyboard in Resources */ = {isa = PBXBuildFile; fileRef = 4A422F07194E8C2B0043782E /* Main.storyboard */; };
		4A422F0C194E8C2B0043782E /* ViewController.m in Sources */ = {isa = PBXBuildFile; fileRef = 4A422F0B194E8C2B0043782E /* ViewController.m */; };
		4A422F0E194E8C2B0043782E /* Images.xcassets in Resources */ = {isa = PBXBuildFile; fileRef = 4A422F0D194E8C2B0043782E /* Images.xcassets */; };
		4A422F15194E8C2B0043782E /* XCTest.framework in Frameworks */ = {isa = PBXBuildFile; fileRef = 4A422F14194E8C2B0043782E /* XCTest.framework */; };
		4A422F16194E8C2B0043782E /* Foundation.framework in Frameworks */ = {isa = PBXBuildFile; fileRef = 4A422EF5194E8C2B0043782E /* Foundation.framework */; };
		4A422F17194E8C2B0043782E /* UIKit.framework in Frameworks */ = {isa = PBXBuildFile; fileRef = 4A422EF9194E8C2B0043782E /* UIKit.framework */; };
		4A422F1F194E8C2B0043782E /* InfoPlist.strings in Resources */ = {isa = PBXBuildFile; fileRef = 4A422F1D194E8C2B0043782E /* InfoPlist.strings */; };
		4A422F21194E8C2B0043782E /* BackgroundTransferTests.m in Sources */ = {isa = PBXBuildFile; fileRef = 4A422F20194E8C2B0043782E /* BackgroundTransferTests.m */; };
/* End PBXBuildFile section */

/* Begin PBXContainerItemProxy section */
		4A422F18194E8C2B0043782E /* PBXContainerItemProxy */ = {
			isa = PBXContainerItemProxy;
			containerPortal = 4A422EEA194E8C2B0043782E /* Project object */;
			proxyType = 1;
			remoteGlobalIDString = 4A422EF1194E8C2B0043782E;
			remoteInfo = BackgroundTransfer;
		};
/* End PBXContainerItemProxy section */

/* Begin PBXFileReference section */
		4A23F867195014E00098624A /* FileUploadInfo.h */ = {isa = PBXFileReference; fileEncoding = 4; lastKnownFileType = sourcecode.c.h; path = FileUploadInfo.h; sourceTree = "<group>"; };
		4A23F868195014E00098624A /* FileUploadInfo.m */ = {isa = PBXFileReference; fileEncoding = 4; lastKnownFileType = sourcecode.c.objc; path = FileUploadInfo.m; sourceTree = "<group>"; };
		4A422EF2194E8C2B0043782E /* BackgroundTransfer.app */ = {isa = PBXFileReference; explicitFileType = wrapper.application; includeInIndex = 0; path = BackgroundTransfer.app; sourceTree = BUILT_PRODUCTS_DIR; };
		4A422EF5194E8C2B0043782E /* Foundation.framework */ = {isa = PBXFileReference; lastKnownFileType = wrapper.framework; name = Foundation.framework; path = System/Library/Frameworks/Foundation.framework; sourceTree = SDKROOT; };
		4A422EF7194E8C2B0043782E /* CoreGraphics.framework */ = {isa = PBXFileReference; lastKnownFileType = wrapper.framework; name = CoreGraphics.framework; path = System/Library/Frameworks/CoreGraphics.framework; sourceTree = SDKROOT; };
		4A422EF9194E8C2B0043782E /* UIKit.framework */ = {isa = PBXFileReference; lastKnownFileType = wrapper.framework; name = UIKit.framework; path = System/Library/Frameworks/UIKit.framework; sourceTree = SDKROOT; };
		4A422EFD194E8C2B0043782E /* BackgroundTransfer-Info.plist */ = {isa = PBXFileReference; lastKnownFileType = text.plist.xml; path = "BackgroundTransfer-Info.plist"; sourceTree = "<group>"; };
		4A422EFF194E8C2B0043782E /* en */ = {isa = PBXFileReference; lastKnownFileType = text.plist.strings; name = en; path = en.lproj/InfoPlist.strings; sourceTree = "<group>"; };
		4A422F01194E8C2B0043782E /* main.m */ = {isa = PBXFileReference; lastKnownFileType = sourcecode.c.objc; path = main.m; sourceTree = "<group>"; };
		4A422F03194E8C2B0043782E /* BackgroundTransfer-Prefix.pch */ = {isa = PBXFileReference; lastKnownFileType = sourcecode.c.h; path = "BackgroundTransfer-Prefix.pch"; sourceTree = "<group>"; };
		4A422F04194E8C2B0043782E /* AppDelegate.h */ = {isa = PBXFileReference; lastKnownFileType = sourcecode.c.h; path = AppDelegate.h; sourceTree = "<group>"; };
		4A422F05194E8C2B0043782E /* AppDelegate.m */ = {isa = PBXFileReference; lastKnownFileType = sourcecode.c.objc; path = AppDelegate.m; sourceTree = "<group>"; };
		4A422F08194E8C2B0043782E /* Base */ = {isa = PBXFileReference; lastKnownFileType = file.storyboard; name = Base; path = Base.lproj/Main.storyboard; sourceTree = "<group>"; };
		4A422F0A194E8C2B0043782E /* ViewController.h */ = {isa = PBXFileReference; lastKnownFileType = sourcecode.c.h; path = ViewController.h; sourceTree = "<group>"; };
		4A422F0B194E8C2B0043782E /* ViewController.m */ = {isa = PBXFileReference; lastKnownFileType = sourcecode.c.objc; path = ViewController.m; sourceTree = "<group>"; };
		4A422F0D194E8C2B0043782E /* Images.xcassets */ = {isa = PBXFileReference; lastKnownFileType = folder.assetcatalog; path = Images.xcassets; sourceTree = "<group>"; };
		4A422F13194E8C2B0043782E /* BackgroundTransferTests.xctest */ = {isa = PBXFileReference; explicitFileType = wrapper.cfbundle; includeInIndex = 0; path = BackgroundTransferTests.xctest; sourceTree = BUILT_PRODUCTS_DIR; };
		4A422F14194E8C2B0043782E /* XCTest.framework */ = {isa = PBXFileReference; lastKnownFileType = wrapper.framework; name = XCTest.framework; path = Library/Frameworks/XCTest.framework; sourceTree = DEVELOPER_DIR; };
		4A422F1C194E8C2B0043782E /* BackgroundTransferTests-Info.plist */ = {isa = PBXFileReference; lastKnownFileType = text.plist.xml; path = "BackgroundTransferTests-Info.plist"; sourceTree = "<group>"; };
		4A422F1E194E8C2B0043782E /* en */ = {isa = PBXFileReference; lastKnownFileType = text.plist.strings; name = en; path = en.lproj/InfoPlist.strings; sourceTree = "<group>"; };
		4A422F20194E8C2B0043782E /* BackgroundTransferTests.m */ = {isa = PBXFileReference; lastKnownFileType = sourcecode.c.objc; path = BackgroundTransferTests.m; sourceTree = "<group>"; };
/* End PBXFileReference section */

/* Begin PBXFrameworksBuildPhase section */
		4A422EEF194E8C2B0043782E /* Frameworks */ = {
			isa = PBXFrameworksBuildPhase;
			buildActionMask = 2147483647;
			files = (
				4A422EF8194E8C2B0043782E /* CoreGraphics.framework in Frameworks */,
				4A422EFA194E8C2B0043782E /* UIKit.framework in Frameworks */,
				4A422EF6194E8C2B0043782E /* Foundation.framework in Frameworks */,
			);
			runOnlyForDeploymentPostprocessing = 0;
		};
		4A422F10194E8C2B0043782E /* Frameworks */ = {
			isa = PBXFrameworksBuildPhase;
			buildActionMask = 2147483647;
			files = (
				4A422F15194E8C2B0043782E /* XCTest.framework in Frameworks */,
				4A422F17194E8C2B0043782E /* UIKit.framework in Frameworks */,
				4A422F16194E8C2B0043782E /* Foundation.framework in Frameworks */,
			);
			runOnlyForDeploymentPostprocessing = 0;
		};
/* End PBXFrameworksBuildPhase section */

/* Begin PBXGroup section */
		4A422EE9194E8C2B0043782E = {
			isa = PBXGroup;
			children = (
				4A422EFB194E8C2B0043782E /* BackgroundTransfer */,
				4A422F1A194E8C2B0043782E /* BackgroundTransferTests */,
				4A422EF4194E8C2B0043782E /* Frameworks */,
				4A422EF3194E8C2B0043782E /* Products */,
			);
			sourceTree = "<group>";
		};
		4A422EF3194E8C2B0043782E /* Products */ = {
			isa = PBXGroup;
			children = (
				4A422EF2194E8C2B0043782E /* BackgroundTransfer.app */,
				4A422F13194E8C2B0043782E /* BackgroundTransferTests.xctest */,
			);
			name = Products;
			sourceTree = "<group>";
		};
		4A422EF4194E8C2B0043782E /* Frameworks */ = {
			isa = PBXGroup;
			children = (
				4A422EF5194E8C2B0043782E /* Foundation.framework */,
				4A422EF7194E8C2B0043782E /* CoreGraphics.framework */,
				4A422EF9194E8C2B0043782E /* UIKit.framework */,
				4A422F14194E8C2B0043782E /* XCTest.framework */,
			);
			name = Frameworks;
			sourceTree = "<group>";
		};
		4A422EFB194E8C2B0043782E /* BackgroundTransfer */ = {
			isa = PBXGroup;
			children = (
				4A422F04194E8C2B0043782E /* AppDelegate.h */,
				4A422F05194E8C2B0043782E /* AppDelegate.m */,
				4A23F867195014E00098624A /* FileUploadInfo.h */,
				4A23F868195014E00098624A /* FileUploadInfo.m */,
				4A422F0D194E8C2B0043782E /* Images.xcassets */,
				4A422F07194E8C2B0043782E /* Main.storyboard */,
				4A422EFC194E8C2B0043782E /* Supporting Files */,
				4A422F0A194E8C2B0043782E /* ViewController.h */,
				4A422F0B194E8C2B0043782E /* ViewController.m */,
			);
			path = BackgroundTransfer;
			sourceTree = "<group>";
		};
		4A422EFC194E8C2B0043782E /* Supporting Files */ = {
			isa = PBXGroup;
			children = (
				4A422EFD194E8C2B0043782E /* BackgroundTransfer-Info.plist */,
				4A422EFE194E8C2B0043782E /* InfoPlist.strings */,
				4A422F01194E8C2B0043782E /* main.m */,
				4A422F03194E8C2B0043782E /* BackgroundTransfer-Prefix.pch */,
			);
			name = "Supporting Files";
			sourceTree = "<group>";
		};
		4A422F1A194E8C2B0043782E /* BackgroundTransferTests */ = {
			isa = PBXGroup;
			children = (
				4A422F20194E8C2B0043782E /* BackgroundTransferTests.m */,
				4A422F1B194E8C2B0043782E /* Supporting Files */,
			);
			path = BackgroundTransferTests;
			sourceTree = "<group>";
		};
		4A422F1B194E8C2B0043782E /* Supporting Files */ = {
			isa = PBXGroup;
			children = (
				4A422F1C194E8C2B0043782E /* BackgroundTransferTests-Info.plist */,
				4A422F1D194E8C2B0043782E /* InfoPlist.strings */,
			);
			name = "Supporting Files";
			sourceTree = "<group>";
		};
/* End PBXGroup section */

/* Begin PBXNativeTarget section */
		4A422EF1194E8C2B0043782E /* BackgroundTransfer */ = {
			isa = PBXNativeTarget;
			buildConfigurationList = 4A422F24194E8C2B0043782E /* Build configuration list for PBXNativeTarget "BackgroundTransfer" */;
			buildPhases = (
				4A422EEE194E8C2B0043782E /* Sources */,
				4A422EEF194E8C2B0043782E /* Frameworks */,
				4A422EF0194E8C2B0043782E /* Resources */,
			);
			buildRules = (
			);
			dependencies = (
			);
			name = BackgroundTransfer;
			productName = BackgroundTransfer;
			productReference = 4A422EF2194E8C2B0043782E /* BackgroundTransfer.app */;
			productType = "com.apple.product-type.application";
		};
		4A422F12194E8C2B0043782E /* BackgroundTransferTests */ = {
			isa = PBXNativeTarget;
			buildConfigurationList = 4A422F27194E8C2B0043782E /* Build configuration list for PBXNativeTarget "BackgroundTransferTests" */;
			buildPhases = (
				4A422F0F194E8C2B0043782E /* Sources */,
				4A422F10194E8C2B0043782E /* Frameworks */,
				4A422F11194E8C2B0043782E /* Resources */,
			);
			buildRules = (
			);
			dependencies = (
				4A422F19194E8C2B0043782E /* PBXTargetDependency */,
			);
			name = BackgroundTransferTests;
			productName = BackgroundTransferTests;
			productReference = 4A422F13194E8C2B0043782E /* BackgroundTransferTests.xctest */;
			productType = "com.apple.product-type.bundle.unit-test";
		};
/* End PBXNativeTarget section */

/* Begin PBXProject section */
		4A422EEA194E8C2B0043782E /* Project object */ = {
			isa = PBXProject;
			attributes = {
				LastUpgradeCheck = 0510;
				ORGANIZATIONNAME = "___FULLUSERNAME___";
				TargetAttributes = {
					4A422EF1194E8C2B0043782E = {
						SystemCapabilities = {
							com.apple.BackgroundModes = {
								enabled = 1;
							};
						};
					};
					4A422F12194E8C2B0043782E = {
						TestTargetID = 4A422EF1194E8C2B0043782E;
					};
				};
			};
			buildConfigurationList = 4A422EED194E8C2B0043782E /* Build configuration list for PBXProject "BackgroundTransfer" */;
			compatibilityVersion = "Xcode 3.2";
			developmentRegion = English;
			hasScannedForEncodings = 0;
			knownRegions = (
				en,
				Base,
			);
			mainGroup = 4A422EE9194E8C2B0043782E;
			productRefGroup = 4A422EF3194E8C2B0043782E /* Products */;
			projectDirPath = "";
			projectRoot = "";
			targets = (
				4A422EF1194E8C2B0043782E /* BackgroundTransfer */,
				4A422F12194E8C2B0043782E /* BackgroundTransferTests */,
			);
		};
/* End PBXProject section */

/* Begin PBXResourcesBuildPhase section */
		4A422EF0194E8C2B0043782E /* Resources */ = {
			isa = PBXResourcesBuildPhase;
			buildActionMask = 2147483647;
			files = (
				4A422F0E194E8C2B0043782E /* Images.xcassets in Resources */,
				4A422F00194E8C2B0043782E /* InfoPlist.strings in Resources */,
				4A422F09194E8C2B0043782E /* Main.storyboard in Resources */,
			);
			runOnlyForDeploymentPostprocessing = 0;
		};
		4A422F11194E8C2B0043782E /* Resources */ = {
			isa = PBXResourcesBuildPhase;
			buildActionMask = 2147483647;
			files = (
				4A422F1F194E8C2B0043782E /* InfoPlist.strings in Resources */,
			);
			runOnlyForDeploymentPostprocessing = 0;
		};
/* End PBXResourcesBuildPhase section */

/* Begin PBXSourcesBuildPhase section */
		4A422EEE194E8C2B0043782E /* Sources */ = {
			isa = PBXSourcesBuildPhase;
			buildActionMask = 2147483647;
			files = (
				4A422F0C194E8C2B0043782E /* ViewController.m in Sources */,
				4A23F869195014E00098624A /* FileUploadInfo.m in Sources */,
				4A422F06194E8C2B0043782E /* AppDelegate.m in Sources */,
				4A422F02194E8C2B0043782E /* main.m in Sources */,
			);
			runOnlyForDeploymentPostprocessing = 0;
		};
		4A422F0F194E8C2B0043782E /* Sources */ = {
			isa = PBXSourcesBuildPhase;
			buildActionMask = 2147483647;
			files = (
				4A422F21194E8C2B0043782E /* BackgroundTransferTests.m in Sources */,
			);
			runOnlyForDeploymentPostprocessing = 0;
		};
/* End PBXSourcesBuildPhase section */

/* Begin PBXTargetDependency section */
		4A422F19194E8C2B0043782E /* PBXTargetDependency */ = {
			isa = PBXTargetDependency;
			target = 4A422EF1194E8C2B0043782E /* BackgroundTransfer */;
			targetProxy = 4A422F18194E8C2B0043782E /* PBXContainerItemProxy */;
		};
/* End PBXTargetDependency section */

/* Begin PBXVariantGroup section */
		4A422EFE194E8C2B0043782E /* InfoPlist.strings */ = {
			isa = PBXVariantGroup;
			children = (
				4A422EFF194E8C2B0043782E /* en */,
			);
			name = InfoPlist.strings;
			sourceTree = "<group>";
		};
		4A422F07194E8C2B0043782E /* Main.storyboard */ = {
			isa = PBXVariantGroup;
			children = (
				4A422F08194E8C2B0043782E /* Base */,
			);
			name = Main.storyboard;
			sourceTree = "<group>";
		};
		4A422F1D194E8C2B0043782E /* InfoPlist.strings */ = {
			isa = PBXVariantGroup;
			children = (
				4A422F1E194E8C2B0043782E /* en */,
			);
			name = InfoPlist.strings;
			sourceTree = "<group>";
		};
/* End PBXVariantGroup section */

/* Begin XCBuildConfiguration section */
		4A422F22194E8C2B0043782E /* Debug */ = {
			isa = XCBuildConfiguration;
			buildSettings = {
				ALWAYS_SEARCH_USER_PATHS = NO;
				CLANG_CXX_LANGUAGE_STANDARD = "gnu++0x";
				CLANG_CXX_LIBRARY = "libc++";
				CLANG_ENABLE_MODULES = YES;
				CLANG_ENABLE_OBJC_ARC = YES;
				CLANG_WARN_BOOL_CONVERSION = YES;
				CLANG_WARN_CONSTANT_CONVERSION = YES;
				CLANG_WARN_DIRECT_OBJC_ISA_USAGE = YES_ERROR;
				CLANG_WARN_EMPTY_BODY = YES;
				CLANG_WARN_ENUM_CONVERSION = YES;
				CLANG_WARN_INT_CONVERSION = YES;
				CLANG_WARN_OBJC_ROOT_CLASS = YES_ERROR;
				CLANG_WARN__DUPLICATE_METHOD_MATCH = YES;
				CODE_SIGN_IDENTITY = "iPhone Developer: zhifeng cheng (6GTPXP67R8)";
				"CODE_SIGN_IDENTITY[sdk=iphoneos*]" = "iPhone Developer";
				COPY_PHASE_STRIP = NO;
				GCC_C_LANGUAGE_STANDARD = gnu99;
				GCC_DYNAMIC_NO_PIC = NO;
				GCC_OPTIMIZATION_LEVEL = 0;
				GCC_PREPROCESSOR_DEFINITIONS = (
					"DEBUG=1",
					"$(inherited)",
				);
				GCC_SYMBOLS_PRIVATE_EXTERN = NO;
				GCC_WARN_64_TO_32_BIT_CONVERSION = YES;
				GCC_WARN_ABOUT_RETURN_TYPE = YES_ERROR;
				GCC_WARN_UNDECLARED_SELECTOR = YES;
				GCC_WARN_UNINITIALIZED_AUTOS = YES_AGGRESSIVE;
				GCC_WARN_UNUSED_FUNCTION = YES;
				GCC_WARN_UNUSED_VARIABLE = YES;
				IPHONEOS_DEPLOYMENT_TARGET = 7.1;
				ONLY_ACTIVE_ARCH = YES;
				SDKROOT = iphoneos;
			};
			name = Debug;
		};
		4A422F23194E8C2B0043782E /* Release */ = {
			isa = XCBuildConfiguration;
			buildSettings = {
				ALWAYS_SEARCH_USER_PATHS = NO;
				CLANG_CXX_LANGUAGE_STANDARD = "gnu++0x";
				CLANG_CXX_LIBRARY = "libc++";
				CLANG_ENABLE_MODULES = YES;
				CLANG_ENABLE_OBJC_ARC = YES;
				CLANG_WARN_BOOL_CONVERSION = YES;
				CLANG_WARN_CONSTANT_CONVERSION = YES;
				CLANG_WARN_DIRECT_OBJC_ISA_USAGE = YES_ERROR;
				CLANG_WARN_EMPTY_BODY = YES;
				CLANG_WARN_ENUM_CONVERSION = YES;
				CLANG_WARN_INT_CONVERSION = YES;
				CLANG_WARN_OBJC_ROOT_CLASS = YES_ERROR;
				CLANG_WARN__DUPLICATE_METHOD_MATCH = YES;
				CODE_SIGN_IDENTITY = "iPhone Developer: zhifeng cheng (6GTPXP67R8)";
				"CODE_SIGN_IDENTITY[sdk=iphoneos*]" = "iPhone Developer";
				COPY_PHASE_STRIP = YES;
				ENABLE_NS_ASSERTIONS = NO;
				GCC_C_LANGUAGE_STANDARD = gnu99;
				GCC_WARN_64_TO_32_BIT_CONVERSION = YES;
				GCC_WARN_ABOUT_RETURN_TYPE = YES_ERROR;
				GCC_WARN_UNDECLARED_SELECTOR = YES;
				GCC_WARN_UNINITIALIZED_AUTOS = YES_AGGRESSIVE;
				GCC_WARN_UNUSED_FUNCTION = YES;
				GCC_WARN_UNUSED_VARIABLE = YES;
				IPHONEOS_DEPLOYMENT_TARGET = 7.1;
				SDKROOT = iphoneos;
				VALIDATE_PRODUCT = YES;
			};
			name = Release;
		};
		4A422F25194E8C2B0043782E /* Debug */ = {
			isa = XCBuildConfiguration;
			buildSettings = {
				ASSETCATALOG_COMPILER_APPICON_NAME = AppIcon;
				ASSETCATALOG_COMPILER_LAUNCHIMAGE_NAME = LaunchImage;
				"CODE_SIGN_IDENTITY[sdk=iphoneos*]" = "iPhone Developer: zhifeng cheng (6GTPXP67R8)";
				GCC_PRECOMPILE_PREFIX_HEADER = YES;
				GCC_PREFIX_HEADER = "BackgroundTransfer/BackgroundTransfer-Prefix.pch";
				INFOPLIST_FILE = "BackgroundTransfer/BackgroundTransfer-Info.plist";
				PRODUCT_NAME = "$(TARGET_NAME)";
				PROVISIONING_PROFILE = "91A4832B-E1F9-4692-B799-ED5566234392";
				WRAPPER_EXTENSION = app;
			};
			name = Debug;
		};
		4A422F26194E8C2B0043782E /* Release */ = {
			isa = XCBuildConfiguration;
			buildSettings = {
				ASSETCATALOG_COMPILER_APPICON_NAME = AppIcon;
				ASSETCATALOG_COMPILER_LAUNCHIMAGE_NAME = LaunchImage;
				GCC_PRECOMPILE_PREFIX_HEADER = YES;
				GCC_PREFIX_HEADER = "BackgroundTransfer/BackgroundTransfer-Prefix.pch";
				INFOPLIST_FILE = "BackgroundTransfer/BackgroundTransfer-Info.plist";
				PRODUCT_NAME = "$(TARGET_NAME)";
				PROVISIONING_PROFILE = "91A4832B-E1F9-4692-B799-ED5566234392";
				WRAPPER_EXTENSION = app;
			};
			name = Release;
		};
		4A422F28194E8C2B0043782E /* Debug */ = {
			isa = XCBuildConfiguration;
			buildSettings = {
				BUNDLE_LOADER = "$(BUILT_PRODUCTS_DIR)/BackgroundTransfer.app/BackgroundTransfer";
				FRAMEWORK_SEARCH_PATHS = (
					"$(SDKROOT)/Developer/Library/Frameworks",
					"$(inherited)",
					"$(DEVELOPER_FRAMEWORKS_DIR)",
				);
				GCC_PRECOMPILE_PREFIX_HEADER = YES;
				GCC_PREFIX_HEADER = "BackgroundTransfer/BackgroundTransfer-Prefix.pch";
				GCC_PREPROCESSOR_DEFINITIONS = (
					"DEBUG=1",
					"$(inherited)",
				);
				INFOPLIST_FILE = "BackgroundTransferTests/BackgroundTransferTests-Info.plist";
				PRODUCT_NAME = "$(TARGET_NAME)";
				TEST_HOST = "$(BUNDLE_LOADER)";
				WRAPPER_EXTENSION = xctest;
			};
			name = Debug;
		};
		4A422F29194E8C2B0043782E /* Release */ = {
			isa = XCBuildConfiguration;
			buildSettings = {
				BUNDLE_LOADER = "$(BUILT_PRODUCTS_DIR)/BackgroundTransfer.app/BackgroundTransfer";
				FRAMEWORK_SEARCH_PATHS = (
					"$(SDKROOT)/Developer/Library/Frameworks",
					"$(inherited)",
					"$(DEVELOPER_FRAMEWORKS_DIR)",
				);
				GCC_PRECOMPILE_PREFIX_HEADER = YES;
				GCC_PREFIX_HEADER = "BackgroundTransfer/BackgroundTransfer-Prefix.pch";
				INFOPLIST_FILE = "BackgroundTransferTests/BackgroundTransferTests-Info.plist";
				PRODUCT_NAME = "$(TARGET_NAME)";
				TEST_HOST = "$(BUNDLE_LOADER)";
				WRAPPER_EXTENSION = xctest;
			};
			name = Release;
		};
/* End XCBuildConfiguration section */

/* Begin XCConfigurationList section */
		4A422EED194E8C2B0043782E /* Build configuration list for PBXProject "BackgroundTransfer" */ = {
			isa = XCConfigurationList;
			buildConfigurations = (
				4A422F22194E8C2B0043782E /* Debug */,
				4A422F23194E8C2B0043782E /* Release */,
			);
			defaultConfigurationIsVisible = 0;
			defaultConfigurationName = Release;
		};
		4A422F24194E8C2B0043782E /* Build configuration list for PBXNativeTarget "BackgroundTransfer" */ = {
			isa = XCConfigurationList;
			buildConfigurations = (
				4A422F25194E8C2B0043782E /* Debug */,
				4A422F26194E8C2B0043782E /* Release */,
			);
			defaultConfigurationIsVisible = 0;
			defaultConfigurationName = Release;
		};
		4A422F27194E8C2B0043782E /* Build configuration list for PBXNativeTarget "BackgroundTransferTests" */ = {
			isa = XCConfigurationList;
			buildConfigurations = (
				4A422F28194E8C2B0043782E /* Debug */,
				4A422F29194E8C2B0043782E /* Release */,
			);
			defaultConfigurationIsVisible = 0;
			defaultConfigurationName = Release;
		};
/* End XCConfigurationList section */
	};
	rootObject = 4A422EEA194E8C2B0043782E /* Project object */;
}
